# THIS IS AN AUTOGENERATED FILE. DO NOT EDIT THIS FILE DIRECTLY.
# yarn lockfile v1


"@esbuild/android-arm64@0.17.11":
  version "0.17.11"
  resolved "https://registry.yarnpkg.com/@esbuild/android-arm64/-/android-arm64-0.17.11.tgz#52c3e6cabc19c5e4c1c0c01cb58f0442338e1c14"
  integrity sha512-QnK4d/zhVTuV4/pRM4HUjcsbl43POALU2zvBynmrrqZt9LPcLA3x1fTZPBg2RRguBQnJcnU059yKr+bydkntjg==

"@esbuild/android-arm@0.17.11":
  version "0.17.11"
  resolved "https://registry.yarnpkg.com/@esbuild/android-arm/-/android-arm-0.17.11.tgz#f3fc768235aecbeb840d0049fdf13cd28592105f"
  integrity sha512-CdyX6sRVh1NzFCsf5vw3kULwlAhfy9wVt8SZlrhQ7eL2qBjGbFhRBWkkAzuZm9IIEOCKJw4DXA6R85g+qc8RDw==

"@esbuild/android-x64@0.17.11":
  version "0.17.11"
  resolved "https://registry.yarnpkg.com/@esbuild/android-x64/-/android-x64-0.17.11.tgz#443ed47771a7e917e4282469ba350d117473550c"
  integrity sha512-3PL3HKtsDIXGQcSCKtWD/dy+mgc4p2Tvo2qKgKHj9Yf+eniwFnuoQ0OUhlSfAEpKAFzF9N21Nwgnap6zy3L3MQ==

"@esbuild/darwin-arm64@0.17.11":
  version "0.17.11"
  resolved "https://registry.yarnpkg.com/@esbuild/darwin-arm64/-/darwin-arm64-0.17.11.tgz#0e8c78d9